
Microsoft Visual Studio Solution File, Format Version 12.00
# Visual Studio 2013
VisualStudioVersion = 12.0.30501.0
MinimumVisualStudioVersion = 10.0.40219.1
Project("{2150E333-8FDC-42A3-9474-1A3956D46DE8}") = "SharedApp", "SharedApp", "{15B661E9-3586-4AF2-BBDF-F6ACF697D430}"
EndProject
Project("{D954291E-2A0B-460D-934E-DC6B0785DB48}") = "FlipFlap.Shared", "FlipFlap\FlipFlap.Shared\FlipFlap.Shared.shproj", "{B487F5F8-FBF0-4C86-A820-551669A4FCDA}"
EndProject
Project("{262852C6-CD72-467D-83FE-5EEB1973A190}") = "FlipFlap.Windows", "FlipFlap\FlipFlap.Windows\FlipFlap.Windows.jsproj", "{FE4C5C32-2FDC-402C-BE25-E78B66C7917A}"
EndProject
Project("{262852C6-CD72-467D-83FE-5EEB1973A190}") = "FlipFlap.WindowsPhone", "FlipFlap\FlipFlap.WindowsPhone\FlipFlap.WindowsPhone.jsproj", "{A28F7A3F-7355-4A6A-B012-0BA0697A24CC}"
EndProject
Global
	GlobalSection(SharedMSBuildProjectFiles) = preSolution
		FlipFlap\FlipFlap.Shared\FlipFlap.Shared.projitems*{a28f7a3f-7355-4a6a-b012-0ba0697a24cc}*SharedItemsImports = 5
		FlipFlap\FlipFlap.Shared\FlipFlap.Shared.projitems*{b487f5f8-fbf0-4c86-a820-551669a4fcda}*SharedItemsImports = 13
		FlipFlap\FlipFlap.Shared\FlipFlap.Shared.projitems*{fe4c5c32-2fdc-402c-be25-e78b66c7917a}*SharedItemsImports = 5
	EndGlobalSection
	GlobalSection(SolutionConfigurationPlatforms) = preSolution
		Debug|Any CPU = Debug|Any CPU
		Debug|ARM = Debug|ARM
		Debug|x64 = Debug|x64
		Debug|x86 = Debug|x86
		Release|Any CPU = Release|Any CPU
		Release|ARM = Release|ARM
		Release|x64 = Release|x64
		Release|x86 = Release|x86
	EndGlobalSection
	GlobalSection(ProjectConfigurationPlatforms) = postSolution
		{FE4C5C32-2FDC-402C-BE25-E78B66C7917A}.Debug|Any CPU.ActiveCfg = Debug|Any CPU
		{FE4C5C32-2FDC-402C-BE25-E78B66C7917A}.Debug|Any CPU.Build.0 = Debug|Any CPU
		{FE4C5C32-2FDC-402C-BE25-E78B66C7917A}.Debug|Any CPU.Deploy.0 = Debug|Any CPU
		{FE4C5C32-2FDC-402C-BE25-E78B66C7917A}.Debug|ARM.ActiveCfg = Debug|ARM
		{FE4C5C32-2FDC-402C-BE25-E78B66C7917A}.Debug|ARM.Build.0 = Debug|ARM
		{FE4C5C32-2FDC-402C-BE25-E78B66C7917A}.Debug|ARM.Deploy.0 = Debug|ARM
		{FE4C5C32-2FDC-402C-BE25-E78B66C7917A}.Debug|x64.ActiveCfg = Debug|x64
		{FE4C5C32-2FDC-402C-BE25-E78B66C7917A}.Debug|x64.Build.0 = Debug|x64
		{FE4C5C32-2FDC-402C-BE25-E78B66C7917A}.Debug|x64.Deploy.0 = Debug|x64
		{FE4C5C32-2FDC-402C-BE25-E78B66C7917A}.Debug|x86.ActiveCfg = Debug|x86
		{FE4C5C32-2FDC-402C-BE25-E78B66C7917A}.Debug|x86.Build.0 = Debug|x86
		{FE4C5C32-2FDC-402C-BE25-E78B66C7917A}.Debug|x86.Deploy.0 = Debug|x86
		{FE4C5C32-2FDC-402C-BE25-E78B66C7917A}.Release|Any CPU.ActiveCfg = Release|Any CPU
		{FE4C5C32-2FDC-402C-BE25-E78B66C7917A}.Release|Any CPU.Build.0 = Release|Any CPU
		{FE4C5C32-2FDC-402C-BE25-E78B66C7917A}.Release|Any CPU.Deploy.0 = Release|Any CPU
		{FE4C5C32-2FDC-402C-BE25-E78B66C7917A}.Release|ARM.ActiveCfg = Release|ARM
		{FE4C5C32-2FDC-402C-BE25-E78B66C7917A}.Release|ARM.Build.0 = Release|ARM
		{FE4C5C32-2FDC-402C-BE25-E78B66C7917A}.Release|ARM.Deploy.0 = Release|ARM
		{FE4C5C32-2FDC-402C-BE25-E78B66C7917A}.Release|x64.ActiveCfg = Release|x64
		{FE4C5C32-2FDC-402C-BE25-E78B66C7917A}.Release|x64.Build.0 = Release|x64
		{FE4C5C32-2FDC-402C-BE25-E78B66C7917A}.Release|x64.Deploy.0 = Release|x64
		{FE4C5C32-2FDC-402C-BE25-E78B66C7917A}.Release|x86.ActiveCfg = Release|x86
		{FE4C5C32-2FDC-402C-BE25-E78B66C7917A}.Release|x86.Build.0 = Release|x86
		{FE4C5C32-2FDC-402C-BE25-E78B66C7917A}.Release|x86.Deploy.0 = Release|x86
		{A28F7A3F-7355-4A6A-B012-0BA0697A24CC}.Debug|Any CPU.ActiveCfg = Debug|Any CPU
		{A28F7A3F-7355-4A6A-B012-0BA0697A24CC}.Debug|Any CPU.Build.0 = Debug|Any CPU
		{A28F7A3F-7355-4A6A-B012-0BA0697A24CC}.Debug|Any CPU.Deploy.0 = Debug|Any CPU
		{A28F7A3F-7355-4A6A-B012-0BA0697A24CC}.Debug|ARM.ActiveCfg = Debug|ARM
		{A28F7A3F-7355-4A6A-B012-0BA0697A24CC}.Debug|ARM.Build.0 = Debug|ARM
		{A28F7A3F-7355-4A6A-B012-0BA0697A24CC}.Debug|ARM.Deploy.0 = Debug|ARM
		{A28F7A3F-7355-4A6A-B012-0BA0697A24CC}.Debug|x64.ActiveCfg = Debug|Any CPU
		{A28F7A3F-7355-4A6A-B012-0BA0697A24CC}.Debug|x86.ActiveCfg = Debug|x86
		{A28F7A3F-7355-4A6A-B012-0BA0697A24CC}.Debug|x86.Build.0 = Debug|x86
		{A28F7A3F-7355-4A6A-B012-0BA0697A24CC}.Debug|x86.Deploy.0 = Debug|x86
		{A28F7A3F-7355-4A6A-B012-0BA0697A24CC}.Release|Any CPU.ActiveCfg = Release|Any CPU
		{A28F7A3F-7355-4A6A-B012-0BA0697A24CC}.Release|Any CPU.Build.0 = Release|Any CPU
		{A28F7A3F-7355-4A6A-B012-0BA0697A24CC}.Release|Any CPU.Deploy.0 = Release|Any CPU
		{A28F7A3F-7355-4A6A-B012-0BA0697A24CC}.Release|ARM.ActiveCfg = Release|ARM
		{A28F7A3F-7355-4A6A-B012-0BA0697A24CC}.Release|ARM.Build.0 = Release|ARM
		{A28F7A3F-7355-4A6A-B012-0BA0697A24CC}.Release|ARM.Deploy.0 = Release|ARM
		{A28F7A3F-7355-4A6A-B012-0BA0697A24CC}.Release|x64.ActiveCfg = Release|Any CPU
		{A28F7A3F-7355-4A6A-B012-0BA0697A24CC}.Release|x86.ActiveCfg = Release|x86
		{A28F7A3F-7355-4A6A-B012-0BA0697A24CC}.Release|x86.Build.0 = Release|x86
		{A28F7A3F-7355-4A6A-B012-0BA0697A24CC}.Release|x86.Deploy.0 = Release|x86
	EndGlobalSection
	GlobalSection(SolutionProperties) = preSolution
		HideSolutionNode = FALSE
	EndGlobalSection
	GlobalSection(NestedProjects) = preSolution
		{B487F5F8-FBF0-4C86-A820-551669A4FCDA} = {15B661E9-3586-4AF2-BBDF-F6ACF697D430}
		{FE4C5C32-2FDC-402C-BE25-E78B66C7917A} = {15B661E9-3586-4AF2-BBDF-F6ACF697D430}
		{A28F7A3F-7355-4A6A-B012-0BA0697A24CC} = {15B661E9-3586-4AF2-BBDF-F6ACF697D430}
	EndGlobalSection
EndGlobal
